
Microsoft Visual Studio Solution File, Format Version 12.00
# Visual Studio Version 16
VisualStudioVersion = 25.0.1705.7
MinimumVisualStudioVersion = 10.0.40219.1
Project("{FAE04EC0-301F-11D3-BF4B-00C04F79EFBC}") = "T2207A_MVC", "T2207A_MVC\T2207A_MVC.csproj", "{AF18437C-9F1A-4717-BAA1-2C3E269FBDA4}"
EndProject
Project("{FAE04EC0-301F-11D3-BF4B-00C04F79EFBC}") = "T2207A_API", "T2207A_API\T2207A_API.csproj", "{3B454545-ADEB-4A5B-8C0D-394573A0AEF3}"
EndProject
Global
	GlobalSection(SolutionConfigurationPlatforms) = preSolution
		Debug|Any CPU = Debug|Any CPU
		Release|Any CPU = Release|Any CPU
	EndGlobalSection
	GlobalSection(ProjectConfigurationPlatforms) = postSolution
		{AF18437C-9F1A-4717-BAA1-2C3E269FBDA4}.Debug|Any CPU.ActiveCfg = Debug|Any CPU
		{AF18437C-9F1A-4717-BAA1-2C3E269FBDA4}.Debug|Any CPU.Build.0 = Debug|Any CPU
		{AF18437C-9F1A-4717-BAA1-2C3E269FBDA4}.Release|Any CPU.ActiveCfg = Release|Any CPU
		{AF18437C-9F1A-4717-BAA1-2C3E269FBDA4}.Release|Any CPU.Build.0 = Release|Any CPU
		{3B454545-ADEB-4A5B-8C0D-394573A0AEF3}.Debug|Any CPU.ActiveCfg = Debug|Any CPU
		{3B454545-ADEB-4A5B-8C0D-394573A0AEF3}.Debug|Any CPU.Build.0 = Debug|Any CPU
		{3B454545-ADEB-4A5B-8C0D-394573A0AEF3}.Release|Any CPU.ActiveCfg = Release|Any CPU
		{3B454545-ADEB-4A5B-8C0D-394573A0AEF3}.Release|Any CPU.Build.0 = Release|Any CPU
	EndGlobalSection
	GlobalSection(SolutionProperties) = preSolution
		HideSolutionNode = FALSE
	EndGlobalSection
	GlobalSection(ExtensibilityGlobals) = postSolution
		SolutionGuid = {39832224-01E6-4CC0-827C-C0CB9C2575CB}
	EndGlobalSection
EndGlobal
